PODS:
  - Alamofire (4.8.2)
  - DeepDiff (2.2.0)
  - GoogleMaps (3.2.0):
    - GoogleMaps/Maps (= 3.2.0)
  - GoogleMaps/Base (3.2.0)
  - GoogleMaps/Maps (3.2.0):
    - GoogleMaps/Base
  - GooglePlaces (3.2.0):
    - GoogleMaps/Base (= 3.2.0)
  - JKBottomSearchView (1.1.1)
  - ObjectMapper (3.5.1)
  - SnapKit (5.0.0)

DEPENDENCIES:
  - Alamofire (~> 4.8.0)
  - DeepDiff
  - GoogleMaps
  - GooglePlaces
  - JKBottomSearchView
  - ObjectMapper
  - SnapKit (~> 5.0.0)

SPEC REPOS:
  https://github.com/cocoapods/specs.git:
    - Alamofire
    - DeepDiff
    - GoogleMaps
    - GooglePlaces
    - JKBottomSearchView
    - ObjectMapper
    - SnapKit

SPEC CHECKSUMS:
  Alamofire: ae5c501addb7afdbb13687d7f2f722c78734c2d3
  DeepDiff: e329bc46dd14ca788d8ec08d34420799ba1d77f2
  GoogleMaps: 5046d7edfe381c1a0b20fdaf293915a375c3122b
  GooglePlaces: 41bc2e480816b1234a48f4bec92e1c886f37cfe1
  JKBottomSearchView: 868596c9bbf498cc28e62cdcdffd52621f07d55f
  ObjectMapper: 70187b8941977c62ccfb423caf6b50be405cabf0
  SnapKit: fd22d10eb9aff484d79a8724eab922c1ddf89bcf

PODFILE CHECKSUM: 23dd8d7e113d457f4119479f028b682eca8a4718

COCOAPODS: 1.7.5
