// !$*UTF8*$!
{
	archiveVersion = 1;
	classes = {
	};
	objectVersion = 51;
	objects = {

/* Begin PBXBuildFile section */
		BA3372934CCF0FCAB5D6C494 /* Pods_MedicineApp.framework in Frameworks */ = {isa = PBXBuildFile; fileRef = DD5EB86026A7F575D98A8A86 /* Pods_MedicineApp.framework */; };
		E105ACE322DCABCC00368B23 /* UIStoryboard.swift in Sources */ = {isa = PBXBuildFile; fileRef = E105ACE222DCABCC00368B23 /* UIStoryboard.swift */; };
		E105ACE622DCAC3100368B23 /* Coordinator.swift in Sources */ = {isa = PBXBuildFile; fileRef = E105ACE522DCAC3100368B23 /* Coordinator.swift */; };
		E105ACEE22DCAD5B00368B23 /* MainCoordinator.swift in Sources */ = {isa = PBXBuildFile; fileRef = E105ACED22DCAD5B00368B23 /* MainCoordinator.swift */; };
		E105ACF022DCAE3200368B23 /* MapBuilder.swift in Sources */ = {isa = PBXBuildFile; fileRef = E105ACEF22DCAE3200368B23 /* MapBuilder.swift */; };
		E105ACF222DCAEB200368B23 /* MainTabBarController.swift in Sources */ = {isa = PBXBuildFile; fileRef = E105ACF122DCAEB200368B23 /* MainTabBarController.swift */; };
		E105ACF522DCAF3700368B23 /* SplashBuilder.swift in Sources */ = {isa = PBXBuildFile; fileRef = E105ACF422DCAF3700368B23 /* SplashBuilder.swift */; };
		E105ACF722DCAF6200368B23 /* Splash.storyboard in Resources */ = {isa = PBXBuildFile; fileRef = E105ACF622DCAF6200368B23 /* Splash.storyboard */; };
		E105ACF922DCAF7700368B23 /* SplashViewController.swift in Sources */ = {isa = PBXBuildFile; fileRef = E105ACF822DCAF7700368B23 /* SplashViewController.swift */; };
		E105ACFB22DCB04A00368B23 /* MapViewModel.swift in Sources */ = {isa = PBXBuildFile; fileRef = E105ACFA22DCB04A00368B23 /* MapViewModel.swift */; };
		E105AD0022DCB1CD00368B23 /* SearchBuilder.swift in Sources */ = {isa = PBXBuildFile; fileRef = E105ACFF22DCB1CD00368B23 /* SearchBuilder.swift */; };
		E105AD0222DCB1DA00368B23 /* Search.storyboard in Resources */ = {isa = PBXBuildFile; fileRef = E105AD0122DCB1DA00368B23 /* Search.storyboard */; };
		E105AD0422DCB1EE00368B23 /* SearchViewController.swift in Sources */ = {isa = PBXBuildFile; fileRef = E105AD0322DCB1EE00368B23 /* SearchViewController.swift */; };
		E105AD0622DCB5CD00368B23 /* SearchCoordinator.swift in Sources */ = {isa = PBXBuildFile; fileRef = E105AD0522DCB5CC00368B23 /* SearchCoordinator.swift */; };
		E1201FC522B7AB340092C1C2 /* LocationCervices.swift in Sources */ = {isa = PBXBuildFile; fileRef = E1201FC422B7AB340092C1C2 /* LocationCervices.swift */; };
		E15ADDC222E1F9DB005AA60A /* MedServicesBuilder.swift in Sources */ = {isa = PBXBuildFile; fileRef = E15ADDC122E1F9DB005AA60A /* MedServicesBuilder.swift */; };
		E15ADDC522E1FA14005AA60A /* MedServices.storyboard in Resources */ = {isa = PBXBuildFile; fileRef = E15ADDC422E1FA14005AA60A /* MedServices.storyboard */; };
		E15ADDC722E1FA62005AA60A /* MedServicesViewController.swift in Sources */ = {isa = PBXBuildFile; fileRef = E15ADDC622E1FA62005AA60A /* MedServicesViewController.swift */; };
		E15ADDC922E1FA9F005AA60A /* MedServicesViewModel.swift in Sources */ = {isa = PBXBuildFile; fileRef = E15ADDC822E1FA9F005AA60A /* MedServicesViewModel.swift */; };
		E15ADDCB22E1FAAE005AA60A /* CommentsViewModel.swift in Sources */ = {isa = PBXBuildFile; fileRef = E15ADDCA22E1FAAE005AA60A /* CommentsViewModel.swift */; };
		E15ADDCD22E1FABC005AA60A /* RatingsViewModel.swift in Sources */ = {isa = PBXBuildFile; fileRef = E15ADDCC22E1FABC005AA60A /* RatingsViewModel.swift */; };
		E15ADDCF22E1FACA005AA60A /* SharesViewModel.swift in Sources */ = {isa = PBXBuildFile; fileRef = E15ADDCE22E1FACA005AA60A /* SharesViewModel.swift */; };
		E15ADDD122E1FADE005AA60A /* SearchViewModel.swift in Sources */ = {isa = PBXBuildFile; fileRef = E15ADDD022E1FADE005AA60A /* SearchViewModel.swift */; };
		E15ADDD322E1FAED005AA60A /* SpalshViewModel.swift in Sources */ = {isa = PBXBuildFile; fileRef = E15ADDD222E1FAED005AA60A /* SpalshViewModel.swift */; };
		E15ADDD522E1FB9C005AA60A /* MedServicesCoordinator.swift in Sources */ = {isa = PBXBuildFile; fileRef = E15ADDD422E1FB9C005AA60A /* MedServicesCoordinator.swift */; };
		E15ADDD722E20029005AA60A /* MainTabBarTransition.swift in Sources */ = {isa = PBXBuildFile; fileRef = E15ADDD622E20029005AA60A /* MainTabBarTransition.swift */; };
		E169502622DA2C4B009CFB46 /* MapViewController.swift in Sources */ = {isa = PBXBuildFile; fileRef = E169502522DA2C4B009CFB46 /* MapViewController.swift */; };
		E169502A22DCA59C009CFB46 /* Map.storyboard in Resources */ = {isa = PBXBuildFile; fileRef = E169502922DCA59C009CFB46 /* Map.storyboard */; };
		E17A9F6422B8E24C00044A8A /* CoreLocation.framework in Frameworks */ = {isa = PBXBuildFile; fileRef = E17A9F6322B8E24C00044A8A /* CoreLocation.framework */; };
		E17A9F6922B91D0600044A8A /* LocationLoader.swift in Sources */ = {isa = PBXBuildFile; fileRef = E17A9F6822B91D0600044A8A /* LocationLoader.swift */; };
		E17A9F6D22B9351000044A8A /* Location.swift in Sources */ = {isa = PBXBuildFile; fileRef = E17A9F6C22B9351000044A8A /* Location.swift */; };
		E17A9F6F22B9601B00044A8A /* LocationList.swift in Sources */ = {isa = PBXBuildFile; fileRef = E17A9F6E22B9601B00044A8A /* LocationList.swift */; };
		E17A9F7222B96B5800044A8A /* SearchBar.swift in Sources */ = {isa = PBXBuildFile; fileRef = E17A9F7122B96B5800044A8A /* SearchBar.swift */; };
		E1903E0B22AA778100DEB9E0 /* AppDelegate.swift in Sources */ = {isa = PBXBuildFile; fileRef = E1903E0A22AA778100DEB9E0 /* AppDelegate.swift */; };
		E1903E1222AA778800DEB9E0 /* Assets.xcassets in Resources */ = {isa = PBXBuildFile; fileRef = E1903E1122AA778800DEB9E0 /* Assets.xcassets */; };
		E1903E1522AA778800DEB9E0 /* LaunchScreen.storyboard in Resources */ = {isa = PBXBuildFile; fileRef = E1903E1322AA778800DEB9E0 /* LaunchScreen.storyboard */; };
		E1ADD0EB22CF89E500A426C0 /* Shares.swift in Sources */ = {isa = PBXBuildFile; fileRef = E1ADD0EA22CF89E500A426C0 /* Shares.swift */; };
		E1ADD0ED22CF8A0700A426C0 /* Clinics.swift in Sources */ = {isa = PBXBuildFile; fileRef = E1ADD0EC22CF8A0700A426C0 /* Clinics.swift */; };
		E1ADD0EF22CF8BA900A426C0 /* SharesAndClinicsLoader.swift in Sources */ = {isa = PBXBuildFile; fileRef = E1ADD0EE22CF8BA900A426C0 /* SharesAndClinicsLoader.swift */; };
		E1ADD0F322CF8EEA00A426C0 /* SharesAndClinics.swift in Sources */ = {isa = PBXBuildFile; fileRef = E1ADD0F222CF8EEA00A426C0 /* SharesAndClinics.swift */; };
		E1E1853122DCA69D008F5279 /* StoryboardNames.swift in Sources */ = {isa = PBXBuildFile; fileRef = E1E1853022DCA69D008F5279 /* StoryboardNames.swift */; };
		E1EFC1C722E08B8600F76FC6 /* MapCoordinator.swift in Sources */ = {isa = PBXBuildFile; fileRef = E1EFC1C622E08B8600F76FC6 /* MapCoordinator.swift */; };
		E1EFC1CB22E0A04C00F76FC6 /* SharesBuilder.swift in Sources */ = {isa = PBXBuildFile; fileRef = E1EFC1CA22E0A04C00F76FC6 /* SharesBuilder.swift */; };
		E1EFC1CD22E0A05E00F76FC6 /* Shares.storyboard in Resources */ = {isa = PBXBuildFile; fileRef = E1EFC1CC22E0A05E00F76FC6 /* Shares.storyboard */; };
		E1EFC1CF22E0A07A00F76FC6 /* SharesViewController.swift in Sources */ = {isa = PBXBuildFile; fileRef = E1EFC1CE22E0A07A00F76FC6 /* SharesViewController.swift */; };
		E1EFC1D222E0A0B300F76FC6 /* RatingsBuilder.swift in Sources */ = {isa = PBXBuildFile; fileRef = E1EFC1D122E0A0B300F76FC6 /* RatingsBuilder.swift */; };
		E1EFC1D422E0A0BD00F76FC6 /* Ratings.storyboard in Resources */ = {isa = PBXBuildFile; fileRef = E1EFC1D322E0A0BD00F76FC6 /* Ratings.storyboard */; };
		E1EFC1D622E0A0D600F76FC6 /* RatingsViewController.swift in Sources */ = {isa = PBXBuildFile; fileRef = E1EFC1D522E0A0D600F76FC6 /* RatingsViewController.swift */; };
		E1EFC1D922E0A21700F76FC6 /* CommentsBuilder.swift in Sources */ = {isa = PBXBuildFile; fileRef = E1EFC1D822E0A21700F76FC6 /* CommentsBuilder.swift */; };
		E1EFC1DB22E0A24400F76FC6 /* Comments.storyboard in Resources */ = {isa = PBXBuildFile; fileRef = E1EFC1DA22E0A24400F76FC6 /* Comments.storyboard */; };
		E1EFC1DD22E0A29300F76FC6 /* CommentsViewController.swift in Sources */ = {isa = PBXBuildFile; fileRef = E1EFC1DC22E0A29300F76FC6 /* CommentsViewController.swift */; };
		E1EFC1DF22E0A47100F76FC6 /* SharesCoordinator.swift in Sources */ = {isa = PBXBuildFile; fileRef = E1EFC1DE22E0A47100F76FC6 /* SharesCoordinator.swift */; };
		E1EFC1E122E0A55700F76FC6 /* RatingsCoordinator.swift in Sources */ = {isa = PBXBuildFile; fileRef = E1EFC1E022E0A55700F76FC6 /* RatingsCoordinator.swift */; };
		E1EFC1E322E0A63E00F76FC6 /* CommentsCoordinator.swift in Sources */ = {isa = PBXBuildFile; fileRef = E1EFC1E222E0A63E00F76FC6 /* CommentsCoordinator.swift */; };
/* End PBXBuildFile section */

/* Begin PBXFileReference section */
		5DCB9309B41933FB0275687E /* Pods-MedicineApp.release.xcconfig */ = {isa = PBXFileReference; includeInIndex = 1; lastKnownFileType = text.xcconfig; name = "Pods-MedicineApp.release.xcconfig"; path = "Target Support Files/Pods-MedicineApp/Pods-MedicineApp.release.xcconfig"; sourceTree = "<group>"; };
		AE0FF7282D7D4DD150D0376C /* Pods-MedicineApp.debug.xcconfig */ = {isa = PBXFileReference; includeInIndex = 1; lastKnownFileType = text.xcconfig; name = "Pods-MedicineApp.debug.xcconfig"; path = "Target Support Files/Pods-MedicineApp/Pods-MedicineApp.debug.xcconfig"; sourceTree = "<group>"; };
		DD5EB86026A7F575D98A8A86 /* Pods_MedicineApp.framework */ = {isa = PBXFileReference; explicitFileType = wrapper.framework; includeInIndex = 0; path = Pods_MedicineApp.framework; sourceTree = BUILT_PRODUCTS_DIR; };
		E105ACE222DCABCC00368B23 /* UIStoryboard.swift */ = {isa = PBXFileReference; lastKnownFileType = sourcecode.swift; path = UIStoryboard.swift; sourceTree = "<group>"; };
		E105ACE522DCAC3100368B23 /* Coordinator.swift */ = {isa = PBXFileReference; lastKnownFileType = sourcecode.swift; path = Coordinator.swift; sourceTree = "<group>"; };
		E105ACED22DCAD5B00368B23 /* MainCoordinator.swift */ = {isa = PBXFileReference; lastKnownFileType = sourcecode.swift; path = MainCoordinator.swift; sourceTree = "<group>"; };
		E105ACEF22DCAE3200368B23 /* MapBuilder.swift */ = {isa = PBXFileReference; lastKnownFileType = sourcecode.swift; path = MapBuilder.swift; sourceTree = "<group>"; };
		E105ACF122DCAEB200368B23 /* MainTabBarController.swift */ = {isa = PBXFileReference; lastKnownFileType = sourcecode.swift; path = MainTabBarController.swift; sourceTree = "<group>"; };
		E105ACF422DCAF3700368B23 /* SplashBuilder.swift */ = {isa = PBXFileReference; lastKnownFileType = sourcecode.swift; path = SplashBuilder.swift; sourceTree = "<group>"; };
		E105ACF622DCAF6200368B23 /* Splash.storyboard */ = {isa = PBXFileReference; lastKnownFileType = file.storyboard; path = Splash.storyboard; sourceTree = "<group>"; };
		E105ACF822DCAF7700368B23 /* SplashViewController.swift */ = {isa = PBXFileReference; lastKnownFileType = sourcecode.swift; path = SplashViewController.swift; sourceTree = "<group>"; };
		E105ACFA22DCB04A00368B23 /* MapViewModel.swift */ = {isa = PBXFileReference; lastKnownFileType = sourcecode.swift; path = MapViewModel.swift; sourceTree = "<group>"; };
		E105ACFF22DCB1CD00368B23 /* SearchBuilder.swift */ = {isa = PBXFileReference; lastKnownFileType = sourcecode.swift; path = SearchBuilder.swift; sourceTree = "<group>"; };
		E105AD0122DCB1DA00368B23 /* Search.storyboard */ = {isa = PBXFileReference; lastKnownFileType = file.storyboard; path = Search.storyboard; sourceTree = "<group>"; };
		E105AD0322DCB1EE00368B23 /* SearchViewController.swift */ = {isa = PBXFileReference; lastKnownFileType = sourcecode.swift; path = SearchViewController.swift; sourceTree = "<group>"; };
		E105AD0522DCB5CC00368B23 /* SearchCoordinator.swift */ = {isa = PBXFileReference; lastKnownFileType = sourcecode.swift; path = SearchCoordinator.swift; sourceTree = "<group>"; };
		E1201FC422B7AB340092C1C2 /* LocationCervices.swift */ = {isa = PBXFileReference; lastKnownFileType = sourcecode.swift; path = LocationCervices.swift; sourceTree = "<group>"; };
		E15ADDC122E1F9DB005AA60A /* MedServicesBuilder.swift */ = {isa = PBXFileReference; lastKnownFileType = sourcecode.swift; path = MedServicesBuilder.swift; sourceTree = "<group>"; };
		E15ADDC422E1FA14005AA60A /* MedServices.storyboard */ = {isa = PBXFileReference; lastKnownFileType = file.storyboard; path = MedServices.storyboard; sourceTree = "<group>"; };
		E15ADDC622E1FA62005AA60A /* MedServicesViewController.swift */ = {isa = PBXFileReference; lastKnownFileType = sourcecode.swift; path = MedServicesViewController.swift; sourceTree = "<group>"; };
		E15ADDC822E1FA9F005AA60A /* MedServicesViewModel.swift */ = {isa = PBXFileReference; lastKnownFileType = sourcecode.swift; path = MedServicesViewModel.swift; sourceTree = "<group>"; };
		E15ADDCA22E1FAAE005AA60A /* CommentsViewModel.swift */ = {isa = PBXFileReference; lastKnownFileType = sourcecode.swift; path = CommentsViewModel.swift; sourceTree = "<group>"; };
		E15ADDCC22E1FABC005AA60A /* RatingsViewModel.swift */ = {isa = PBXFileReference; lastKnownFileType = sourcecode.swift; path = RatingsViewModel.swift; sourceTree = "<group>"; };
		E15ADDCE22E1FACA005AA60A /* SharesViewModel.swift */ = {isa = PBXFileReference; lastKnownFileType = sourcecode.swift; path = SharesViewModel.swift; sourceTree = "<group>"; };
		E15ADDD022E1FADE005AA60A /* SearchViewModel.swift */ = {isa = PBXFileReference; lastKnownFileType = sourcecode.swift; path = SearchViewModel.swift; sourceTree = "<group>"; };
		E15ADDD222E1FAED005AA60A /* SpalshViewModel.swift */ = {isa = PBXFileReference; lastKnownFileType = sourcecode.swift; path = SpalshViewModel.swift; sourceTree = "<group>"; };
		E15ADDD422E1FB9C005AA60A /* MedServicesCoordinator.swift */ = {isa = PBXFileReference; lastKnownFileType = sourcecode.swift; path = MedServicesCoordinator.swift; sourceTree = "<group>"; };
		E15ADDD622E20029005AA60A /* MainTabBarTransition.swift */ = {isa = PBXFileReference; lastKnownFileType = sourcecode.swift; path = MainTabBarTransition.swift; sourceTree = "<group>"; };
		E169502522DA2C4B009CFB46 /* MapViewController.swift */ = {isa = PBXFileReference; lastKnownFileType = sourcecode.swift; path = MapViewController.swift; sourceTree = "<group>"; };
		E169502922DCA59C009CFB46 /* Map.storyboard */ = {isa = PBXFileReference; lastKnownFileType = file.storyboard; path = Map.storyboard; sourceTree = "<group>"; };
		E17A9F6322B8E24C00044A8A /* CoreLocation.framework */ = {isa = PBXFileReference; lastKnownFileType = wrapper.framework; name = CoreLocation.framework; path = System/Library/Frameworks/CoreLocation.framework; sourceTree = SDKROOT; };
		E17A9F6822B91D0600044A8A /* LocationLoader.swift */ = {isa = PBXFileReference; lastKnownFileType = sourcecode.swift; path = LocationLoader.swift; sourceTree = "<group>"; };
		E17A9F6C22B9351000044A8A /* Location.swift */ = {isa = PBXFileReference; lastKnownFileType = sourcecode.swift; path = Location.swift; sourceTree = "<group>"; };
		E17A9F6E22B9601B00044A8A /* LocationList.swift */ = {isa = PBXFileReference; lastKnownFileType = sourcecode.swift; path = LocationList.swift; sourceTree = "<group>"; };
		E17A9F7122B96B5800044A8A /* SearchBar.swift */ = {isa = PBXFileReference; lastKnownFileType = sourcecode.swift; path = SearchBar.swift; sourceTree = "<group>"; };
		E1903E0722AA778100DEB9E0 /* MedicineApp.app */ = {isa = PBXFileReference; explicitFileType = wrapper.application; includeInIndex = 0; path = MedicineApp.app; sourceTree = BUILT_PRODUCTS_DIR; };
		E1903E0A22AA778100DEB9E0 /* AppDelegate.swift */ = {isa = PBXFileReference; lastKnownFileType = sourcecode.swift; path = AppDelegate.swift; sourceTree = "<group>"; };
		E1903E1122AA778800DEB9E0 /* Assets.xcassets */ = {isa = PBXFileReference; lastKnownFileType = folder.assetcatalog; path = Assets.xcassets; sourceTree = "<group>"; };
		E1903E1422AA778800DEB9E0 /* Base */ = {isa = PBXFileReference; lastKnownFileType = file.storyboard; name = Base; path = Base.lproj/LaunchScreen.storyboard; sourceTree = "<group>"; };
		E1903E1622AA778800DEB9E0 /* Info.plist */ = {isa = PBXFileReference; lastKnownFileType = text.plist.xml; path = Info.plist; sourceTree = "<group>"; };
		E1ADD0EA22CF89E500A426C0 /* Shares.swift */ = {isa = PBXFileReference; lastKnownFileType = sourcecode.swift; path = Shares.swift; sourceTree = "<group>"; };
		E1ADD0EC22CF8A0700A426C0 /* Clinics.swift */ = {isa = PBXFileReference; lastKnownFileType = sourcecode.swift; path = Clinics.swift; sourceTree = "<group>"; };
		E1ADD0EE22CF8BA900A426C0 /* SharesAndClinicsLoader.swift */ = {isa = PBXFileReference; lastKnownFileType = sourcecode.swift; path = SharesAndClinicsLoader.swift; sourceTree = "<group>"; };
		E1ADD0F222CF8EEA00A426C0 /* SharesAndClinics.swift */ = {isa = PBXFileReference; lastKnownFileType = sourcecode.swift; path = SharesAndClinics.swift; sourceTree = "<group>"; };
		E1E1853022DCA69D008F5279 /* StoryboardNames.swift */ = {isa = PBXFileReference; lastKnownFileType = sourcecode.swift; path = StoryboardNames.swift; sourceTree = "<group>"; };
		E1EFC1C622E08B8600F76FC6 /* MapCoordinator.swift */ = {isa = PBXFileReference; lastKnownFileType = sourcecode.swift; path = MapCoordinator.swift; sourceTree = "<group>"; };
		E1EFC1CA22E0A04C00F76FC6 /* SharesBuilder.swift */ = {isa = PBXFileReference; lastKnownFileType = sourcecode.swift; path = SharesBuilder.swift; sourceTree = "<group>"; };
		E1EFC1CC22E0A05E00F76FC6 /* Shares.storyboard */ = {isa = PBXFileReference; lastKnownFileType = file.storyboard; path = Shares.storyboard; sourceTree = "<group>"; };
		E1EFC1CE22E0A07A00F76FC6 /* SharesViewController.swift */ = {isa = PBXFileReference; lastKnownFileType = sourcecode.swift; path = SharesViewController.swift; sourceTree = "<group>"; };
		E1EFC1D122E0A0B300F76FC6 /* RatingsBuilder.swift */ = {isa = PBXFileReference; lastKnownFileType = sourcecode.swift; path = RatingsBuilder.swift; sourceTree = "<group>"; };
		E1EFC1D322E0A0BD00F76FC6 /* Ratings.storyboard */ = {isa = PBXFileReference; lastKnownFileType = file.storyboard; path = Ratings.storyboard; sourceTree = "<group>"; };
		E1EFC1D522E0A0D600F76FC6 /* RatingsViewController.swift */ = {isa = PBXFileReference; lastKnownFileType = sourcecode.swift; path = RatingsViewController.swift; sourceTree = "<group>"; };
		E1EFC1D822E0A21700F76FC6 /* CommentsBuilder.swift */ = {isa = PBXFileReference; lastKnownFileType = sourcecode.swift; path = CommentsBuilder.swift; sourceTree = "<group>"; };
		E1EFC1DA22E0A24400F76FC6 /* Comments.storyboard */ = {isa = PBXFileReference; lastKnownFileType = file.storyboard; path = Comments.storyboard; sourceTree = "<group>"; };
		E1EFC1DC22E0A29300F76FC6 /* CommentsViewController.swift */ = {isa = PBXFileReference; lastKnownFileType = sourcecode.swift; path = CommentsViewController.swift; sourceTree = "<group>"; };
		E1EFC1DE22E0A47100F76FC6 /* SharesCoordinator.swift */ = {isa = PBXFileReference; lastKnownFileType = sourcecode.swift; path = SharesCoordinator.swift; sourceTree = "<group>"; };
		E1EFC1E022E0A55700F76FC6 /* RatingsCoordinator.swift */ = {isa = PBXFileReference; lastKnownFileType = sourcecode.swift; path = RatingsCoordinator.swift; sourceTree = "<group>"; };
		E1EFC1E222E0A63E00F76FC6 /* CommentsCoordinator.swift */ = {isa = PBXFileReference; lastKnownFileType = sourcecode.swift; path = CommentsCoordinator.swift; sourceTree = "<group>"; };
/* End PBXFileReference section */

/* Begin PBXFrameworksBuildPhase section */
		E1903E0422AA778100DEB9E0 /* Frameworks */ = {
			isa = PBXFrameworksBuildPhase;
			buildActionMask = 2147483647;
			files = (
				E17A9F6422B8E24C00044A8A /* CoreLocation.framework in Frameworks */,
				BA3372934CCF0FCAB5D6C494 /* Pods_MedicineApp.framework in Frameworks */,
			);
			runOnlyForDeploymentPostprocessing = 0;
		};
/* End PBXFrameworksBuildPhase section */

/* Begin PBXGroup section */
		8FBE571A54188C5FFAFFD7EF /* Pods */ = {
			isa = PBXGroup;
			children = (
				AE0FF7282D7D4DD150D0376C /* Pods-MedicineApp.debug.xcconfig */,
				5DCB9309B41933FB0275687E /* Pods-MedicineApp.release.xcconfig */,
			);
			path = Pods;
			sourceTree = "<group>";
		};
		E105ACDC22DCA9DF00368B23 /* Coordinators */ = {
			isa = PBXGroup;
			children = (
				E105ACE422DCAC1500368B23 /* CoordinatorProtocol */,
				E105ACED22DCAD5B00368B23 /* MainCoordinator.swift */,
				E105AD0522DCB5CC00368B23 /* SearchCoordinator.swift */,
				E1EFC1C622E08B8600F76FC6 /* MapCoordinator.swift */,
				E1EFC1DE22E0A47100F76FC6 /* SharesCoordinator.swift */,
				E1EFC1E022E0A55700F76FC6 /* RatingsCoordinator.swift */,
				E1EFC1E222E0A63E00F76FC6 /* CommentsCoordinator.swift */,
				E15ADDD422E1FB9C005AA60A /* MedServicesCoordinator.swift */,
			);
			path = Coordinators;
			sourceTree = "<group>";
		};
		E105ACDF22DCAB5E00368B23 /* Resources */ = {
			isa = PBXGroup;
			children = (
				E1903E1122AA778800DEB9E0 /* Assets.xcassets */,
			);
			path = Resources;
			sourceTree = "<group>";
		};
		E105ACE122DCAB8800368B23 /* Extensions */ = {
			isa = PBXGroup;
			children = (
				E105ACE222DCABCC00368B23 /* UIStoryboard.swift */,
			);
			path = Extensions;
			sourceTree = "<group>";
		};
		E105ACE422DCAC1500368B23 /* CoordinatorProtocol */ = {
			isa = PBXGroup;
			children = (
				E105ACE522DCAC3100368B23 /* Coordinator.swift */,
			);
			path = CoordinatorProtocol;
			sourceTree = "<group>";
		};
		E105ACF322DCAF2100368B23 /* Splash */ = {
			isa = PBXGroup;
			children = (
				E105ACF422DCAF3700368B23 /* SplashBuilder.swift */,
				E105ACF622DCAF6200368B23 /* Splash.storyboard */,
				E105ACF822DCAF7700368B23 /* SplashViewController.swift */,
				E15ADDD222E1FAED005AA60A /* SpalshViewModel.swift */,
			);
			path = Splash;
			sourceTree = "<group>";
		};
		E105ACFE22DCB1B900368B23 /* Search */ = {
			isa = PBXGroup;
			children = (
				E105ACFF22DCB1CD00368B23 /* SearchBuilder.swift */,
				E105AD0122DCB1DA00368B23 /* Search.storyboard */,
				E105AD0322DCB1EE00368B23 /* SearchViewController.swift */,
				E15ADDD022E1FADE005AA60A /* SearchViewModel.swift */,
			);
			path = Search;
			sourceTree = "<group>";
		};
		E15ADDC022E1F9BE005AA60A /* MedServices */ = {
			isa = PBXGroup;
			children = (
				E15ADDC122E1F9DB005AA60A /* MedServicesBuilder.swift */,
				E15ADDC422E1FA14005AA60A /* MedServices.storyboard */,
				E15ADDC622E1FA62005AA60A /* MedServicesViewController.swift */,
				E15ADDC822E1FA9F005AA60A /* MedServicesViewModel.swift */,
			);
			path = MedServices;
			sourceTree = "<group>";
		};
		E17A9F6222B8E24C00044A8A /* Frameworks */ = {
			isa = PBXGroup;
			children = (
				E17A9F6322B8E24C00044A8A /* CoreLocation.framework */,
				DD5EB86026A7F575D98A8A86 /* Pods_MedicineApp.framework */,
			);
			name = Frameworks;
			sourceTree = "<group>";
		};
		E17A9F7022B96B3600044A8A /* SearchBar */ = {
			isa = PBXGroup;
			children = (
				E17A9F7122B96B5800044A8A /* SearchBar.swift */,
			);
			path = SearchBar;
			sourceTree = "<group>";
		};
		E1903DFE22AA778100DEB9E0 = {
			isa = PBXGroup;
			children = (
				E1903E0922AA778100DEB9E0 /* MedicineApp */,
				E1903E0822AA778100DEB9E0 /* Products */,
				E17A9F6222B8E24C00044A8A /* Frameworks */,
				8FBE571A54188C5FFAFFD7EF /* Pods */,
			);
			sourceTree = "<group>";
		};
		E1903E0822AA778100DEB9E0 /* Products */ = {
			isa = PBXGroup;
			children = (
				E1903E0722AA778100DEB9E0 /* MedicineApp.app */,
			);
			name = Products;
			sourceTree = "<group>";
		};
		E1903E0922AA778100DEB9E0 /* MedicineApp */ = {
			isa = PBXGroup;
			children = (
				E1903E0A22AA778100DEB9E0 /* AppDelegate.swift */,
				E105ACE122DCAB8800368B23 /* Extensions */,
				E105ACDF22DCAB5E00368B23 /* Resources */,
				E105ACDC22DCA9DF00368B23 /* Coordinators */,
				E1E1852F22DCA66B008F5279 /* Supporting */,
				E17A9F7022B96B3600044A8A /* SearchBar */,
				E1903E1F22AA77C700DEB9E0 /* Scenes */,
				E1903E1E22AA77B900DEB9E0 /* Entity */,
				E1903E1D22AA77AC00DEB9E0 /* Services */,
				E1903E1322AA778800DEB9E0 /* LaunchScreen.storyboard */,
				E1903E1622AA778800DEB9E0 /* Info.plist */,
			);
			path = MedicineApp;
			sourceTree = "<group>";
		};
		E1903E1D22AA77AC00DEB9E0 /* Services */ = {
			isa = PBXGroup;
			children = (
				E1201FC422B7AB340092C1C2 /* LocationCervices.swift */,
				E17A9F6822B91D0600044A8A /* LocationLoader.swift */,
				E1ADD0EE22CF8BA900A426C0 /* SharesAndClinicsLoader.swift */,
			);
			path = Services;
			sourceTree = "<group>";
		};
		E1903E1E22AA77B900DEB9E0 /* Entity */ = {
			isa = PBXGroup;
			children = (
				E17A9F6C22B9351000044A8A /* Location.swift */,
				E17A9F6E22B9601B00044A8A /* LocationList.swift */,
				E1ADD0EA22CF89E500A426C0 /* Shares.swift */,
				E1ADD0EC22CF8A0700A426C0 /* Clinics.swift */,
				E1ADD0F222CF8EEA00A426C0 /* SharesAndClinics.swift */,
			);
			path = Entity;
			sourceTree = "<group>";
		};
		E1903E1F22AA77C700DEB9E0 /* Scenes */ = {
			isa = PBXGroup;
			children = (
				E15ADDC022E1F9BE005AA60A /* MedServices */,
				E1EFC1D722E0A1C500F76FC6 /* Comments */,
				E1EFC1D022E0A09F00F76FC6 /* Ratings */,
				E1EFC1C922E09F5F00F76FC6 /* Shares */,
				E1EFC1C822E09F1C00F76FC6 /* MainTabBar */,
				E105ACFE22DCB1B900368B23 /* Search */,
				E105ACF322DCAF2100368B23 /* Splash */,
				E1E367E722DA2B920011F73B /* Map */,
			);
			path = Scenes;
			sourceTree = "<group>";
		};
		E1E1852F22DCA66B008F5279 /* Supporting */ = {
			isa = PBXGroup;
			children = (
				E1E1853022DCA69D008F5279 /* StoryboardNames.swift */,
			);
			path = Supporting;
			sourceTree = "<group>";
		};
		E1E367E722DA2B920011F73B /* Map */ = {
			isa = PBXGroup;
			children = (
				E169502522DA2C4B009CFB46 /* MapViewController.swift */,
				E169502922DCA59C009CFB46 /* Map.storyboard */,
				E105ACEF22DCAE3200368B23 /* MapBuilder.swift */,
				E105ACFA22DCB04A00368B23 /* MapViewModel.swift */,
			);
			path = Map;
			sourceTree = "<group>";
		};
		E1EFC1C822E09F1C00F76FC6 /* MainTabBar */ = {
			isa = PBXGroup;
			children = (
				E105ACF122DCAEB200368B23 /* MainTabBarController.swift */,
				E15ADDD622E20029005AA60A /* MainTabBarTransition.swift */,
			);
			path = MainTabBar;
			sourceTree = "<group>";
		};
		E1EFC1C922E09F5F00F76FC6 /* Shares */ = {
			isa = PBXGroup;
			children = (
				E1EFC1CA22E0A04C00F76FC6 /* SharesBuilder.swift */,
				E1EFC1CC22E0A05E00F76FC6 /* Shares.storyboard */,
				E1EFC1CE22E0A07A00F76FC6 /* SharesViewController.swift */,
				E15ADDCE22E1FACA005AA60A /* SharesViewModel.swift */,
			);
			path = Shares;
			sourceTree = "<group>";
		};
		E1EFC1D022E0A09F00F76FC6 /* Ratings */ = {
			isa = PBXGroup;
			children = (
				E1EFC1D122E0A0B300F76FC6 /* RatingsBuilder.swift */,
				E1EFC1D322E0A0BD00F76FC6 /* Ratings.storyboard */,
				E1EFC1D522E0A0D600F76FC6 /* RatingsViewController.swift */,
				E15ADDCC22E1FABC005AA60A /* RatingsViewModel.swift */,
			);
			path = Ratings;
			sourceTree = "<group>";
		};
		E1EFC1D722E0A1C500F76FC6 /* Comments */ = {
			isa = PBXGroup;
			children = (
				E1EFC1D822E0A21700F76FC6 /* CommentsBuilder.swift */,
				E1EFC1DA22E0A24400F76FC6 /* Comments.storyboard */,
				E1EFC1DC22E0A29300F76FC6 /* CommentsViewController.swift */,
				E15ADDCA22E1FAAE005AA60A /* CommentsViewModel.swift */,
			);
			path = Comments;
			sourceTree = "<group>";
		};
/* End PBXGroup section */

/* Begin PBXNativeTarget section */
		E1903E0622AA778100DEB9E0 /* MedicineApp */ = {
			isa = PBXNativeTarget;
			buildConfigurationList = E1903E1922AA778800DEB9E0 /* Build configuration list for PBXNativeTarget "MedicineApp" */;
			buildPhases = (
				71E7412D8E92300A95FFBA09 /* [CP] Check Pods Manifest.lock */,
				E1903E0322AA778100DEB9E0 /* Sources */,
				E1903E0422AA778100DEB9E0 /* Frameworks */,
				E1903E0522AA778100DEB9E0 /* Resources */,
				FDAC155317E667AC4D4E2980 /* [CP] Embed Pods Frameworks */,
				DB2C99DED099BEBD6D80FACB /* [CP] Copy Pods Resources */,
			);
			buildRules = (
			);
			dependencies = (
			);
			name = MedicineApp;
			productName = MedicineApp;
			productReference = E1903E0722AA778100DEB9E0 /* MedicineApp.app */;
			productType = "com.apple.product-type.application";
		};
/* End PBXNativeTarget section */

/* Begin PBXProject section */
		E1903DFF22AA778100DEB9E0 /* Project object */ = {
			isa = PBXProject;
			attributes = {
				LastSwiftUpdateCheck = 1020;
				LastUpgradeCheck = 1020;
				ORGANIZATIONNAME = "Medicine App";
				TargetAttributes = {
					E1903E0622AA778100DEB9E0 = {
						CreatedOnToolsVersion = 10.2.1;
					};
				};
			};
			buildConfigurationList = E1903E0222AA778100DEB9E0 /* Build configuration list for PBXProject "MedicineApp" */;
			compatibilityVersion = "Xcode 9.3";
			developmentRegion = en;
			hasScannedForEncodings = 0;
			knownRegions = (
				en,
				Base,
			);
			mainGroup = E1903DFE22AA778100DEB9E0;
			productRefGroup = E1903E0822AA778100DEB9E0 /* Products */;
			projectDirPath = "";
			projectRoot = "";
			targets = (
				E1903E0622AA778100DEB9E0 /* MedicineApp */,
			);
		};
/* End PBXProject section */

/* Begin PBXResourcesBuildPhase section */
		E1903E0522AA778100DEB9E0 /* Resources */ = {
			isa = PBXResourcesBuildPhase;
			buildActionMask = 2147483647;
			files = (
				E1EFC1DB22E0A24400F76FC6 /* Comments.storyboard in Resources */,
				E169502A22DCA59C009CFB46 /* Map.storyboard in Resources */,
				E1EFC1D422E0A0BD00F76FC6 /* Ratings.storyboard in Resources */,
				E1903E1522AA778800DEB9E0 /* LaunchScreen.storyboard in Resources */,
				E15ADDC522E1FA14005AA60A /* MedServices.storyboard in Resources */,
				E1903E1222AA778800DEB9E0 /* Assets.xcassets in Resources */,
				E105ACF722DCAF6200368B23 /* Splash.storyboard in Resources */,
				E105AD0222DCB1DA00368B23 /* Search.storyboard in Resources */,
				E1EFC1CD22E0A05E00F76FC6 /* Shares.storyboard in Resources */,
			);
			runOnlyForDeploymentPostprocessing = 0;
		};
/* End PBXResourcesBuildPhase section */

/* Begin PBXShellScriptBuildPhase section */
		71E7412D8E92300A95FFBA09 /* [CP] Check Pods Manifest.lock */ = {
			isa = PBXShellScriptBuildPhase;
			buildActionMask = 2147483647;
			files = (
			);
			inputFileListPaths = (
			);
			inputPaths = (
				"${PODS_PODFILE_DIR_PATH}/Podfile.lock",
				"${PODS_ROOT}/Manifest.lock",
			);
			name = "[CP] Check Pods Manifest.lock";
			outputFileListPaths = (
			);
			outputPaths = (
				"$(DERIVED_FILE_DIR)/Pods-MedicineApp-checkManifestLockResult.txt",
			);
			runOnlyForDeploymentPostprocessing = 0;
			shellPath = /bin/sh;
			shellScript = "diff \"${PODS_PODFILE_DIR_PATH}/Podfile.lock\" \"${PODS_ROOT}/Manifest.lock\" > /dev/null\nif [ $? != 0 ] ; then\n    # print error to STDERR\n    echo \"error: The sandbox is not in sync with the Podfile.lock. Run 'pod install' or update your CocoaPods installation.\" >&2\n    exit 1\nfi\n# This output is used by Xcode 'outputs' to avoid re-running this script phase.\necho \"SUCCESS\" > \"${SCRIPT_OUTPUT_FILE_0}\"\n";
			showEnvVarsInLog = 0;
		};
		DB2C99DED099BEBD6D80FACB /* [CP] Copy Pods Resources */ = {
			isa = PBXShellScriptBuildPhase;
			buildActionMask = 2147483647;
			files = (
			);
			inputFileListPaths = (
				"${PODS_ROOT}/Target Support Files/Pods-MedicineApp/Pods-MedicineApp-resources-${CONFIGURATION}-input-files.xcfilelist",
			);
			name = "[CP] Copy Pods Resources";
			outputFileListPaths = (
				"${PODS_ROOT}/Target Support Files/Pods-MedicineApp/Pods-MedicineApp-resources-${CONFIGURATION}-output-files.xcfilelist",
			);
			runOnlyForDeploymentPostprocessing = 0;
			shellPath = /bin/sh;
			shellScript = "\"${PODS_ROOT}/Target Support Files/Pods-MedicineApp/Pods-MedicineApp-resources.sh\"\n";
			showEnvVarsInLog = 0;
		};
		FDAC155317E667AC4D4E2980 /* [CP] Embed Pods Frameworks */ = {
			isa = PBXShellScriptBuildPhase;
			buildActionMask = 2147483647;
			files = (
			);
			inputFileListPaths = (
				"${PODS_ROOT}/Target Support Files/Pods-MedicineApp/Pods-MedicineApp-frameworks-${CONFIGURATION}-input-files.xcfilelist",
			);
			name = "[CP] Embed Pods Frameworks";
			outputFileListPaths = (
				"${PODS_ROOT}/Target Support Files/Pods-MedicineApp/Pods-MedicineApp-frameworks-${CONFIGURATION}-output-files.xcfilelist",
			);
			runOnlyForDeploymentPostprocessing = 0;
			shellPath = /bin/sh;
			shellScript = "\"${PODS_ROOT}/Target Support Files/Pods-MedicineApp/Pods-MedicineApp-frameworks.sh\"\n";
			showEnvVarsInLog = 0;
		};
/* End PBXShellScriptBuildPhase section */

/* Begin PBXSourcesBuildPhase section */
		E1903E0322AA778100DEB9E0 /* Sources */ = {
			isa = PBXSourcesBuildPhase;
			buildActionMask = 2147483647;
			files = (
				E105ACF522DCAF3700368B23 /* SplashBuilder.swift in Sources */,
				E1EFC1CF22E0A07A00F76FC6 /* SharesViewController.swift in Sources */,
				E1EFC1E322E0A63E00F76FC6 /* CommentsCoordinator.swift in Sources */,
				E1903E0B22AA778100DEB9E0 /* AppDelegate.swift in Sources */,
				E1201FC522B7AB340092C1C2 /* LocationCervices.swift in Sources */,
				E1ADD0ED22CF8A0700A426C0 /* Clinics.swift in Sources */,
				E1ADD0EB22CF89E500A426C0 /* Shares.swift in Sources */,
				E105AD0022DCB1CD00368B23 /* SearchBuilder.swift in Sources */,
				E169502622DA2C4B009CFB46 /* MapViewController.swift in Sources */,
				E15ADDD522E1FB9C005AA60A /* MedServicesCoordinator.swift in Sources */,
				E1EFC1CB22E0A04C00F76FC6 /* SharesBuilder.swift in Sources */,
				E105ACFB22DCB04A00368B23 /* MapViewModel.swift in Sources */,
				E105ACF022DCAE3200368B23 /* MapBuilder.swift in Sources */,
				E15ADDC222E1F9DB005AA60A /* MedServicesBuilder.swift in Sources */,
				E1EFC1E122E0A55700F76FC6 /* RatingsCoordinator.swift in Sources */,
				E105ACEE22DCAD5B00368B23 /* MainCoordinator.swift in Sources */,
				E1E1853122DCA69D008F5279 /* StoryboardNames.swift in Sources */,
				E1ADD0F322CF8EEA00A426C0 /* SharesAndClinics.swift in Sources */,
				E17A9F7222B96B5800044A8A /* SearchBar.swift in Sources */,
				E17A9F6D22B9351000044A8A /* Location.swift in Sources */,
				E105ACF922DCAF7700368B23 /* SplashViewController.swift in Sources */,
				E1EFC1DD22E0A29300F76FC6 /* CommentsViewController.swift in Sources */,
				E105AD0422DCB1EE00368B23 /* SearchViewController.swift in Sources */,
				E15ADDC722E1FA62005AA60A /* MedServicesViewController.swift in Sources */,
				E1EFC1C722E08B8600F76FC6 /* MapCoordinator.swift in Sources */,
				E1EFC1DF22E0A47100F76FC6 /* SharesCoordinator.swift in Sources */,
				E17A9F6F22B9601B00044A8A /* LocationList.swift in Sources */,
				E15ADDD122E1FADE005AA60A /* SearchViewModel.swift in Sources */,
				E105ACE622DCAC3100368B23 /* Coordinator.swift in Sources */,
				E15ADDCB22E1FAAE005AA60A /* CommentsViewModel.swift in Sources */,
				E1EFC1D922E0A21700F76FC6 /* CommentsBuilder.swift in Sources */,
				E15ADDCD22E1FABC005AA60A /* RatingsViewModel.swift in Sources */,
				E105AD0622DCB5CD00368B23 /* SearchCoordinator.swift in Sources */,
				E17A9F6922B91D0600044A8A /* LocationLoader.swift in Sources */,
				E105ACF222DCAEB200368B23 /* MainTabBarController.swift in Sources */,
				E105ACE322DCABCC00368B23 /* UIStoryboard.swift in Sources */,
				E15ADDCF22E1FACA005AA60A /* SharesViewModel.swift in Sources */,
				E1EFC1D222E0A0B300F76FC6 /* RatingsBuilder.swift in Sources */,
				E1ADD0EF22CF8BA900A426C0 /* SharesAndClinicsLoader.swift in Sources */,
				E1EFC1D622E0A0D600F76FC6 /* RatingsViewController.swift in Sources */,
				E15ADDC922E1FA9F005AA60A /* MedServicesViewModel.swift in Sources */,
				E15ADDD322E1FAED005AA60A /* SpalshViewModel.swift in Sources */,
				E15ADDD722E20029005AA60A /* MainTabBarTransition.swift in Sources */,
			);
			runOnlyForDeploymentPostprocessing = 0;
		};
/* End PBXSourcesBuildPhase section */

/* Begin PBXVariantGroup section */
		E1903E1322AA778800DEB9E0 /* LaunchScreen.storyboard */ = {
			isa = PBXVariantGroup;
			children = (
				E1903E1422AA778800DEB9E0 /* Base */,
			);
			name = LaunchScreen.storyboard;
			sourceTree = "<group>";
		};
/* End PBXVariantGroup section */

/* Begin XCBuildConfiguration section */
		E1903E1722AA778800DEB9E0 /* Debug */ = {
			isa = XCBuildConfiguration;
			buildSettings = {
				ALWAYS_SEARCH_USER_PATHS = NO;
				CLANG_ANALYZER_NONNULL = YES;
				CLANG_ANALYZER_NUMBER_OBJECT_CONVERSION = YES_AGGRESSIVE;
				CLANG_CXX_LANGUAGE_STANDARD = "gnu++14";
				CLANG_CXX_LIBRARY = "libc++";
				CLANG_ENABLE_MODULES = YES;
				CLANG_ENABLE_OBJC_ARC = YES;
				CLANG_ENABLE_OBJC_WEAK = YES;
				CLANG_WARN_BLOCK_CAPTURE_AUTORELEASING = YES;
				CLANG_WARN_BOOL_CONVERSION = YES;
				CLANG_WARN_COMMA = YES;
				CLANG_WARN_CONSTANT_CONVERSION = YES;
				CLANG_WARN_DEPRECATED_OBJC_IMPLEMENTATIONS = YES;
				CLANG_WARN_DIRECT_OBJC_ISA_USAGE = YES_ERROR;
				CLANG_WARN_DOCUMENTATION_COMMENTS = YES;
				CLANG_WARN_EMPTY_BODY = YES;
				CLANG_WARN_ENUM_CONVERSION = YES;
				CLANG_WARN_INFINITE_RECURSION = YES;
				CLANG_WARN_INT_CONVERSION = YES;
				CLANG_WARN_NON_LITERAL_NULL_CONVERSION = YES;
				CLANG_WARN_OBJC_IMPLICIT_RETAIN_SELF = YES;
				CLANG_WARN_OBJC_LITERAL_CONVERSION = YES;
				CLANG_WARN_OBJC_ROOT_CLASS = YES_ERROR;
				CLANG_WARN_RANGE_LOOP_ANALYSIS = YES;
				CLANG_WARN_STRICT_PROTOTYPES = YES;
				CLANG_WARN_SUSPICIOUS_MOVE = YES;
				CLANG_WARN_UNGUARDED_AVAILABILITY = YES_AGGRESSIVE;
				CLANG_WARN_UNREACHABLE_CODE = YES;
				CLANG_WARN__DUPLICATE_METHOD_MATCH = YES;
				CODE_SIGN_IDENTITY = "iPhone Developer";
				COPY_PHASE_STRIP = NO;
				DEBUG_INFORMATION_FORMAT = dwarf;
				ENABLE_STRICT_OBJC_MSGSEND = YES;
				ENABLE_TESTABILITY = YES;
				GCC_C_LANGUAGE_STANDARD = gnu11;
				GCC_DYNAMIC_NO_PIC = NO;
				GCC_NO_COMMON_BLOCKS = YES;
				GCC_OPTIMIZATION_LEVEL = 0;
				GCC_PREPROCESSOR_DEFINITIONS = (
					"DEBUG=1",
					"$(inherited)",
				);
				GCC_WARN_64_TO_32_BIT_CONVERSION = YES;
				GCC_WARN_ABOUT_RETURN_TYPE = YES_ERROR;
				GCC_WARN_UNDECLARED_SELECTOR = YES;
				GCC_WARN_UNINITIALIZED_AUTOS = YES_AGGRESSIVE;
				GCC_WARN_UNUSED_FUNCTION = YES;
				GCC_WARN_UNUSED_VARIABLE = YES;
				IPHONEOS_DEPLOYMENT_TARGET = 12.2;
				MTL_ENABLE_DEBUG_INFO = INCLUDE_SOURCE;
				MTL_FAST_MATH = YES;
				ONLY_ACTIVE_ARCH = YES;
				SDKROOT = iphoneos;
				SWIFT_ACTIVE_COMPILATION_CONDITIONS = DEBUG;
				SWIFT_OPTIMIZATION_LEVEL = "-Onone";
			};
			name = Debug;
		};
		E1903E1822AA778800DEB9E0 /* Release */ = {
			isa = XCBuildConfiguration;
			buildSettings = {
				ALWAYS_SEARCH_USER_PATHS = NO;
				CLANG_ANALYZER_NONNULL = YES;
				CLANG_ANALYZER_NUMBER_OBJECT_CONVERSION = YES_AGGRESSIVE;
				CLANG_CXX_LANGUAGE_STANDARD = "gnu++14";
				CLANG_CXX_LIBRARY = "libc++";
				CLANG_ENABLE_MODULES = YES;
				CLANG_ENABLE_OBJC_ARC = YES;
				CLANG_ENABLE_OBJC_WEAK = YES;
				CLANG_WARN_BLOCK_CAPTURE_AUTORELEASING = YES;
				CLANG_WARN_BOOL_CONVERSION = YES;
				CLANG_WARN_COMMA = YES;
				CLANG_WARN_CONSTANT_CONVERSION = YES;
				CLANG_WARN_DEPRECATED_OBJC_IMPLEMENTATIONS = YES;
				CLANG_WARN_DIRECT_OBJC_ISA_USAGE = YES_ERROR;
				CLANG_WARN_DOCUMENTATION_COMMENTS = YES;
				CLANG_WARN_EMPTY_BODY = YES;
				CLANG_WARN_ENUM_CONVERSION = YES;
				CLANG_WARN_INFINITE_RECURSION = YES;
				CLANG_WARN_INT_CONVERSION = YES;
				CLANG_WARN_NON_LITERAL_NULL_CONVERSION = YES;
				CLANG_WARN_OBJC_IMPLICIT_RETAIN_SELF = YES;
				CLANG_WARN_OBJC_LITERAL_CONVERSION = YES;
				CLANG_WARN_OBJC_ROOT_CLASS = YES_ERROR;
				CLANG_WARN_RANGE_LOOP_ANALYSIS = YES;
				CLANG_WARN_STRICT_PROTOTYPES = YES;
				CLANG_WARN_SUSPICIOUS_MOVE = YES;
				CLANG_WARN_UNGUARDED_AVAILABILITY = YES_AGGRESSIVE;
				CLANG_WARN_UNREACHABLE_CODE = YES;
				CLANG_WARN__DUPLICATE_METHOD_MATCH = YES;
				CODE_SIGN_IDENTITY = "iPhone Developer";
				COPY_PHASE_STRIP = NO;
				DEBUG_INFORMATION_FORMAT = "dwarf-with-dsym";
				ENABLE_NS_ASSERTIONS = NO;
				ENABLE_STRICT_OBJC_MSGSEND = YES;
				GCC_C_LANGUAGE_STANDARD = gnu11;
				GCC_NO_COMMON_BLOCKS = YES;
				GCC_WARN_64_TO_32_BIT_CONVERSION = YES;
				GCC_WARN_ABOUT_RETURN_TYPE = YES_ERROR;
				GCC_WARN_UNDECLARED_SELECTOR = YES;
				GCC_WARN_UNINITIALIZED_AUTOS = YES_AGGRESSIVE;
				GCC_WARN_UNUSED_FUNCTION = YES;
				GCC_WARN_UNUSED_VARIABLE = YES;
				IPHONEOS_DEPLOYMENT_TARGET = 12.2;
				MTL_ENABLE_DEBUG_INFO = NO;
				MTL_FAST_MATH = YES;
				SDKROOT = iphoneos;
				SWIFT_COMPILATION_MODE = wholemodule;
				SWIFT_OPTIMIZATION_LEVEL = "-O";
				VALIDATE_PRODUCT = YES;
			};
			name = Release;
		};
		E1903E1A22AA778800DEB9E0 /* Debug */ = {
			isa = XCBuildConfiguration;
			baseConfigurationReference = AE0FF7282D7D4DD150D0376C /* Pods-MedicineApp.debug.xcconfig */;
			buildSettings = {
				ASSETCATALOG_COMPILER_APPICON_NAME = AppIcon;
				CODE_SIGN_STYLE = Automatic;
				DEVELOPMENT_TEAM = XBW4F9AQY3;
				INFOPLIST_FILE = MedicineApp/Info.plist;
				LD_RUNPATH_SEARCH_PATHS = (
					"$(inherited)",
					"@executable_path/Frameworks",
				);
				PRODUCT_BUNDLE_IDENTIFIER = Agregator.MedicineApp;
				PRODUCT_NAME = "$(TARGET_NAME)";
				SWIFT_COMPILATION_MODE = wholemodule;
				SWIFT_VERSION = 5.0;
				TARGETED_DEVICE_FAMILY = "1,2";
			};
			name = Debug;
		};
		E1903E1B22AA778800DEB9E0 /* Release */ = {
			isa = XCBuildConfiguration;
			baseConfigurationReference = 5DCB9309B41933FB0275687E /* Pods-MedicineApp.release.xcconfig */;
			buildSettings = {
				ASSETCATALOG_COMPILER_APPICON_NAME = AppIcon;
				CODE_SIGN_STYLE = Automatic;
				DEVELOPMENT_TEAM = XBW4F9AQY3;
				INFOPLIST_FILE = MedicineApp/Info.plist;
				LD_RUNPATH_SEARCH_PATHS = (
					"$(inherited)",
					"@executable_path/Frameworks",
				);
				PRODUCT_BUNDLE_IDENTIFIER = Agregator.MedicineApp;
				PRODUCT_NAME = "$(TARGET_NAME)";
				SWIFT_VERSION = 5.0;
				TARGETED_DEVICE_FAMILY = "1,2";
			};
			name = Release;
		};
/* End XCBuildConfiguration section */

/* Begin XCConfigurationList section */
		E1903E0222AA778100DEB9E0 /* Build configuration list for PBXProject "MedicineApp" */ = {
			isa = XCConfigurationList;
			buildConfigurations = (
				E1903E1722AA778800DEB9E0 /* Debug */,
				E1903E1822AA778800DEB9E0 /* Release */,
			);
			defaultConfigurationIsVisible = 0;
			defaultConfigurationName = Release;
		};
		E1903E1922AA778800DEB9E0 /* Build configuration list for PBXNativeTarget "MedicineApp" */ = {
			isa = XCConfigurationList;
			buildConfigurations = (
				E1903E1A22AA778800DEB9E0 /* Debug */,
				E1903E1B22AA778800DEB9E0 /* Release */,
			);
			defaultConfigurationIsVisible = 0;
			defaultConfigurationName = Release;
		};
/* End XCConfigurationList section */
	};
	rootObject = E1903DFF22AA778100DEB9E0 /* Project object */;
}
